
Microsoft Visual Studio Solution File, Format Version 12.00
# Visual Studio Version 16
VisualStudioVersion = 16.0.29613.14
MinimumVisualStudioVersion = 10.0.40219.1
Project("{9A19103F-16F7-4668-BE54-9A1E7A4F7556}") = "Operations1", "Operations1\Operations1.csproj", "{DDAD8AAA-4B35-43C8-BBDE-D496E08965BC}"
EndProject
Project("{9A19103F-16F7-4668-BE54-9A1E7A4F7556}") = "Subtract1", "Subtract1\Subtract1.csproj", "{C09E940A-2F19-4599-BFF4-12E670A271A6}"
EndProject
Project("{9A19103F-16F7-4668-BE54-9A1E7A4F7556}") = "Square1", "Sqaure1\Square1.csproj", "{D132884E-8957-4AFF-BEBE-9316856C8CDF}"
EndProject
Project("{9A19103F-16F7-4668-BE54-9A1E7A4F7556}") = "Sum1", "Sum1\Sum1.csproj", "{6DFE765B-78C1-4AAD-B4AB-4A70BE580C11}"
EndProject
Project("{9A19103F-16F7-4668-BE54-9A1E7A4F7556}") = "Multiply1", "Multiply1\Multiply1.csproj", "{151FC9AE-8BF2-4793-B8D6-66BA799F5C53}"
EndProject
Project("{9A19103F-16F7-4668-BE54-9A1E7A4F7556}") = "Divide1", "Divide1\Divide1.csproj", "{147FF0C9-0E1E-4542-9A84-483EA85501A1}"
EndProject
Project("{9A19103F-16F7-4668-BE54-9A1E7A4F7556}") = "Operations1Tests", "Operations1Tests\Operations1Tests.csproj", "{67212776-3346-4A51-9330-CBCEA4890F4D}"
EndProject
Project("{FAE04EC0-301F-11D3-BF4B-00C04F79EFBC}") = "BasicCalculator1", "Basic Calculator1\BasicCalculator1.csproj", "{79196C75-2128-4A34-B023-2510BC404B33}"
EndProject
Project("{FAE04EC0-301F-11D3-BF4B-00C04F79EFBC}") = "BasicCalculator1Tests", "BasicCalculator1Tests\BasicCalculator1Tests.csproj", "{F78B0B1D-D602-4E6D-B964-6D5EF6E9B4E7}"
EndProject
Global
	GlobalSection(SolutionConfigurationPlatforms) = preSolution
		Debug|Any CPU = Debug|Any CPU
		Release|Any CPU = Release|Any CPU
	EndGlobalSection
	GlobalSection(ProjectConfigurationPlatforms) = postSolution
		{DDAD8AAA-4B35-43C8-BBDE-D496E08965BC}.Debug|Any CPU.ActiveCfg = Debug|Any CPU
		{DDAD8AAA-4B35-43C8-BBDE-D496E08965BC}.Debug|Any CPU.Build.0 = Debug|Any CPU
		{DDAD8AAA-4B35-43C8-BBDE-D496E08965BC}.Release|Any CPU.ActiveCfg = Release|Any CPU
		{DDAD8AAA-4B35-43C8-BBDE-D496E08965BC}.Release|Any CPU.Build.0 = Release|Any CPU
		{C09E940A-2F19-4599-BFF4-12E670A271A6}.Debug|Any CPU.ActiveCfg = Debug|Any CPU
		{C09E940A-2F19-4599-BFF4-12E670A271A6}.Debug|Any CPU.Build.0 = Debug|Any CPU
		{C09E940A-2F19-4599-BFF4-12E670A271A6}.Release|Any CPU.ActiveCfg = Release|Any CPU
		{C09E940A-2F19-4599-BFF4-12E670A271A6}.Release|Any CPU.Build.0 = Release|Any CPU
		{D132884E-8957-4AFF-BEBE-9316856C8CDF}.Debug|Any CPU.ActiveCfg = Debug|Any CPU
		{D132884E-8957-4AFF-BEBE-9316856C8CDF}.Debug|Any CPU.Build.0 = Debug|Any CPU
		{D132884E-8957-4AFF-BEBE-9316856C8CDF}.Release|Any CPU.ActiveCfg = Release|Any CPU
		{D132884E-8957-4AFF-BEBE-9316856C8CDF}.Release|Any CPU.Build.0 = Release|Any CPU
		{6DFE765B-78C1-4AAD-B4AB-4A70BE580C11}.Debug|Any CPU.ActiveCfg = Debug|Any CPU
		{6DFE765B-78C1-4AAD-B4AB-4A70BE580C11}.Debug|Any CPU.Build.0 = Debug|Any CPU
		{6DFE765B-78C1-4AAD-B4AB-4A70BE580C11}.Release|Any CPU.ActiveCfg = Release|Any CPU
		{6DFE765B-78C1-4AAD-B4AB-4A70BE580C11}.Release|Any CPU.Build.0 = Release|Any CPU
		{151FC9AE-8BF2-4793-B8D6-66BA799F5C53}.Debug|Any CPU.ActiveCfg = Debug|Any CPU
		{151FC9AE-8BF2-4793-B8D6-66BA799F5C53}.Debug|Any CPU.Build.0 = Debug|Any CPU
		{151FC9AE-8BF2-4793-B8D6-66BA799F5C53}.Release|Any CPU.ActiveCfg = Release|Any CPU
		{151FC9AE-8BF2-4793-B8D6-66BA799F5C53}.Release|Any CPU.Build.0 = Release|Any CPU
		{147FF0C9-0E1E-4542-9A84-483EA85501A1}.Debug|Any CPU.ActiveCfg = Debug|Any CPU
		{147FF0C9-0E1E-4542-9A84-483EA85501A1}.Debug|Any CPU.Build.0 = Debug|Any CPU
		{147FF0C9-0E1E-4542-9A84-483EA85501A1}.Release|Any CPU.ActiveCfg = Release|Any CPU
		{147FF0C9-0E1E-4542-9A84-483EA85501A1}.Release|Any CPU.Build.0 = Release|Any CPU
		{67212776-3346-4A51-9330-CBCEA4890F4D}.Debug|Any CPU.ActiveCfg = Debug|Any CPU
		{67212776-3346-4A51-9330-CBCEA4890F4D}.Debug|Any CPU.Build.0 = Debug|Any CPU
		{67212776-3346-4A51-9330-CBCEA4890F4D}.Release|Any CPU.ActiveCfg = Release|Any CPU
		{67212776-3346-4A51-9330-CBCEA4890F4D}.Release|Any CPU.Build.0 = Release|Any CPU
		{79196C75-2128-4A34-B023-2510BC404B33}.Debug|Any CPU.ActiveCfg = Debug|Any CPU
		{79196C75-2128-4A34-B023-2510BC404B33}.Debug|Any CPU.Build.0 = Debug|Any CPU
		{79196C75-2128-4A34-B023-2510BC404B33}.Release|Any CPU.ActiveCfg = Release|Any CPU
		{79196C75-2128-4A34-B023-2510BC404B33}.Release|Any CPU.Build.0 = Release|Any CPU
		{F78B0B1D-D602-4E6D-B964-6D5EF6E9B4E7}.Debug|Any CPU.ActiveCfg = Debug|Any CPU
		{F78B0B1D-D602-4E6D-B964-6D5EF6E9B4E7}.Debug|Any CPU.Build.0 = Debug|Any CPU
		{F78B0B1D-D602-4E6D-B964-6D5EF6E9B4E7}.Release|Any CPU.ActiveCfg = Release|Any CPU
		{F78B0B1D-D602-4E6D-B964-6D5EF6E9B4E7}.Release|Any CPU.Build.0 = Release|Any CPU
	EndGlobalSection
	GlobalSection(SolutionProperties) = preSolution
		HideSolutionNode = FALSE
	EndGlobalSection
	GlobalSection(ExtensibilityGlobals) = postSolution
		SolutionGuid = {053A8EBA-B764-4F0F-9107-FF49137F7531}
	EndGlobalSection
EndGlobal
