
Microsoft Visual Studio Solution File, Format Version 12.00
# Visual Studio Version 16
VisualStudioVersion = 16.0.29613.14
MinimumVisualStudioVersion = 10.0.40219.1
Project("{9A19103F-16F7-4668-BE54-9A1E7A4F7556}") = "Operations1", "Operations1\Operations1.csproj", "{DDAD8AAA-4B35-43C8-BBDE-D496E08965BC}"
EndProject
Project("{9A19103F-16F7-4668-BE54-9A1E7A4F7556}") = "Subtract1", "Subtract1\Subtract1.csproj", "{C09E940A-2F19-4599-BFF4-12E670A271A6}"
EndProject
Project("{9A19103F-16F7-4668-BE54-9A1E7A4F7556}") = "Square1", "Sqaure1\Square1.csproj", "{D132884E-8957-4AFF-BEBE-9316856C8CDF}"
EndProject
Project("{9A19103F-16F7-4668-BE54-9A1E7A4F7556}") = "Sum1", "Sum1\Sum1.csproj", "{6DFE765B-78C1-4AAD-B4AB-4A70BE580C11}"
EndProject
Project("{9A19103F-16F7-4668-BE54-9A1E7A4F7556}") = "Multiply1", "Multiply1\Multiply1.csproj", "{151FC9AE-8BF2-4793-B8D6-66BA799F5C53}"
EndProject
Project("{9A19103F-16F7-4668-BE54-9A1E7A4F7556}") = "Divide1", "Divide1\Divide1.csproj", "{147FF0C9-0E1E-4542-9A84-483EA85501A1}"
EndProject
Project("{9A19103F-16F7-4668-BE54-9A1E7A4F7556}") = "Operations1Tests", "Operations1Tests\Operations1Tests.csproj", "{67212776-3346-4A51-9330-CBCEA4890F4D}"
EndProject
Project("{9A19103F-16F7-4668-BE54-9A1E7A4F7556}") = "BasicCalculator1", "Basic Calculator1\BasicCalculator1.csproj", "{79196C75-2128-4A34-B023-2510BC404B33}"
	ProjectSection(ProjectDependencies) = postProject
		{C09E940A-2F19-4599-BFF4-12E670A271A6} = {C09E940A-2F19-4599-BFF4-12E670A271A6}
		{D132884E-8957-4AFF-BEBE-9316856C8CDF} = {D132884E-8957-4AFF-BEBE-9316856C8CDF}
		{F48C9F80-956A-486C-A0BD-3A356F19ADA3} = {F48C9F80-956A-486C-A0BD-3A356F19ADA3}
	EndProjectSection
EndProject
Project("{9A19103F-16F7-4668-BE54-9A1E7A4F7556}") = "BasicCalculator1Tests", "BasicCalculator1Tests\BasicCalculator1Tests.csproj", "{F78B0B1D-D602-4E6D-B964-6D5EF6E9B4E7}"
	ProjectSection(ProjectDependencies) = postProject
		{C09E940A-2F19-4599-BFF4-12E670A271A6} = {C09E940A-2F19-4599-BFF4-12E670A271A6}
		{D132884E-8957-4AFF-BEBE-9316856C8CDF} = {D132884E-8957-4AFF-BEBE-9316856C8CDF}
		{6DFE765B-78C1-4AAD-B4AB-4A70BE580C11} = {6DFE765B-78C1-4AAD-B4AB-4A70BE580C11}
		{F48C9F80-956A-486C-A0BD-3A356F19ADA3} = {F48C9F80-956A-486C-A0BD-3A356F19ADA3}
		{DDAD8AAA-4B35-43C8-BBDE-D496E08965BC} = {DDAD8AAA-4B35-43C8-BBDE-D496E08965BC}
		{151FC9AE-8BF2-4793-B8D6-66BA799F5C53} = {151FC9AE-8BF2-4793-B8D6-66BA799F5C53}
		{147FF0C9-0E1E-4542-9A84-483EA85501A1} = {147FF0C9-0E1E-4542-9A84-483EA85501A1}
	EndProjectSection
EndProject
Project("{9A19103F-16F7-4668-BE54-9A1E7A4F7556}") = "StatisticsCalculator", "StatisticsCalculator\StatisticsCalculator.csproj", "{3F07AE61-CC4A-4DBA-BE82-347B2FF5A223}"
	ProjectSection(ProjectDependencies) = postProject
		{C09E940A-2F19-4599-BFF4-12E670A271A6} = {C09E940A-2F19-4599-BFF4-12E670A271A6}
		{F78B0B1D-D602-4E6D-B964-6D5EF6E9B4E7} = {F78B0B1D-D602-4E6D-B964-6D5EF6E9B4E7}
		{D132884E-8957-4AFF-BEBE-9316856C8CDF} = {D132884E-8957-4AFF-BEBE-9316856C8CDF}
		{6DFE765B-78C1-4AAD-B4AB-4A70BE580C11} = {6DFE765B-78C1-4AAD-B4AB-4A70BE580C11}
		{58320276-6F0C-4860-973C-FC47C358B8F6} = {58320276-6F0C-4860-973C-FC47C358B8F6}
		{67212776-3346-4A51-9330-CBCEA4890F4D} = {67212776-3346-4A51-9330-CBCEA4890F4D}
		{F48C9F80-956A-486C-A0BD-3A356F19ADA3} = {F48C9F80-956A-486C-A0BD-3A356F19ADA3}
		{151FC9AE-8BF2-4793-B8D6-66BA799F5C53} = {151FC9AE-8BF2-4793-B8D6-66BA799F5C53}
		{147FF0C9-0E1E-4542-9A84-483EA85501A1} = {147FF0C9-0E1E-4542-9A84-483EA85501A1}
	EndProjectSection
EndProject
Project("{9A19103F-16F7-4668-BE54-9A1E7A4F7556}") = "StatisticsCalculatorTests", "StatisticsCalculatorTests\StatisticsCalculatorTests.csproj", "{EE041C6E-F3AC-44B4-8834-F23F8C1DBF28}"
EndProject
Project("{9A19103F-16F7-4668-BE54-9A1E7A4F7556}") = "StatsZScore", "StatsZScore\StatsZScore.csproj", "{69AB999B-A27B-4F22-BCEA-54DCAAB2BD63}"
EndProject
Project("{9A19103F-16F7-4668-BE54-9A1E7A4F7556}") = "StatsStandardDev", "StatsStandardDev\StatsStandardDev.csproj", "{FF5433CF-D228-4608-8620-962879C10E5C}"
EndProject
Project("{9A19103F-16F7-4668-BE54-9A1E7A4F7556}") = "StatsOperations", "StatsOperations\StatsOperations.csproj", "{8C7616DA-A36A-46D7-807E-D32EB38955E6}"
	ProjectSection(ProjectDependencies) = postProject
		{C09E940A-2F19-4599-BFF4-12E670A271A6} = {C09E940A-2F19-4599-BFF4-12E670A271A6}
		{F78B0B1D-D602-4E6D-B964-6D5EF6E9B4E7} = {F78B0B1D-D602-4E6D-B964-6D5EF6E9B4E7}
		{D132884E-8957-4AFF-BEBE-9316856C8CDF} = {D132884E-8957-4AFF-BEBE-9316856C8CDF}
		{6DFE765B-78C1-4AAD-B4AB-4A70BE580C11} = {6DFE765B-78C1-4AAD-B4AB-4A70BE580C11}
		{67212776-3346-4A51-9330-CBCEA4890F4D} = {67212776-3346-4A51-9330-CBCEA4890F4D}
		{F48C9F80-956A-486C-A0BD-3A356F19ADA3} = {F48C9F80-956A-486C-A0BD-3A356F19ADA3}
		{151FC9AE-8BF2-4793-B8D6-66BA799F5C53} = {151FC9AE-8BF2-4793-B8D6-66BA799F5C53}
		{147FF0C9-0E1E-4542-9A84-483EA85501A1} = {147FF0C9-0E1E-4542-9A84-483EA85501A1}
	EndProjectSection
EndProject
Project("{9A19103F-16F7-4668-BE54-9A1E7A4F7556}") = "StatsOperationsTests", "StatsOperationsTests\StatsOperationsTests.csproj", "{58320276-6F0C-4860-973C-FC47C358B8F6}"
EndProject
Project("{9A19103F-16F7-4668-BE54-9A1E7A4F7556}") = "StatsMean", "StatsMean\StatsMean.csproj", "{373FAF11-0B25-4B4E-88BE-A428273D4515}"
	ProjectSection(ProjectDependencies) = postProject
		{F78B0B1D-D602-4E6D-B964-6D5EF6E9B4E7} = {F78B0B1D-D602-4E6D-B964-6D5EF6E9B4E7}
		{58320276-6F0C-4860-973C-FC47C358B8F6} = {58320276-6F0C-4860-973C-FC47C358B8F6}
	EndProjectSection
EndProject
Project("{9A19103F-16F7-4668-BE54-9A1E7A4F7556}") = "Helpers", "Helpers\Helpers.csproj", "{7BC13428-003C-4137-AB0F-6C86DD33A8BA}"
EndProject
Project("{9A19103F-16F7-4668-BE54-9A1E7A4F7556}") = "SquareRoot", "Sqrt\SquareRoot.csproj", "{F48C9F80-956A-486C-A0BD-3A356F19ADA3}"
EndProject
Global
	GlobalSection(SolutionConfigurationPlatforms) = preSolution
		Debug|Any CPU = Debug|Any CPU
		Release|Any CPU = Release|Any CPU
	EndGlobalSection
	GlobalSection(ProjectConfigurationPlatforms) = postSolution
		{DDAD8AAA-4B35-43C8-BBDE-D496E08965BC}.Debug|Any CPU.ActiveCfg = Debug|Any CPU
		{DDAD8AAA-4B35-43C8-BBDE-D496E08965BC}.Debug|Any CPU.Build.0 = Debug|Any CPU
		{DDAD8AAA-4B35-43C8-BBDE-D496E08965BC}.Release|Any CPU.ActiveCfg = Release|Any CPU
		{DDAD8AAA-4B35-43C8-BBDE-D496E08965BC}.Release|Any CPU.Build.0 = Release|Any CPU
		{C09E940A-2F19-4599-BFF4-12E670A271A6}.Debug|Any CPU.ActiveCfg = Debug|Any CPU
		{C09E940A-2F19-4599-BFF4-12E670A271A6}.Debug|Any CPU.Build.0 = Debug|Any CPU
		{C09E940A-2F19-4599-BFF4-12E670A271A6}.Release|Any CPU.ActiveCfg = Release|Any CPU
		{C09E940A-2F19-4599-BFF4-12E670A271A6}.Release|Any CPU.Build.0 = Release|Any CPU
		{D132884E-8957-4AFF-BEBE-9316856C8CDF}.Debug|Any CPU.ActiveCfg = Debug|Any CPU
		{D132884E-8957-4AFF-BEBE-9316856C8CDF}.Debug|Any CPU.Build.0 = Debug|Any CPU
		{D132884E-8957-4AFF-BEBE-9316856C8CDF}.Release|Any CPU.ActiveCfg = Release|Any CPU
		{D132884E-8957-4AFF-BEBE-9316856C8CDF}.Release|Any CPU.Build.0 = Release|Any CPU
		{6DFE765B-78C1-4AAD-B4AB-4A70BE580C11}.Debug|Any CPU.ActiveCfg = Debug|Any CPU
		{6DFE765B-78C1-4AAD-B4AB-4A70BE580C11}.Debug|Any CPU.Build.0 = Debug|Any CPU
		{6DFE765B-78C1-4AAD-B4AB-4A70BE580C11}.Release|Any CPU.ActiveCfg = Release|Any CPU
		{6DFE765B-78C1-4AAD-B4AB-4A70BE580C11}.Release|Any CPU.Build.0 = Release|Any CPU
		{151FC9AE-8BF2-4793-B8D6-66BA799F5C53}.Debug|Any CPU.ActiveCfg = Debug|Any CPU
		{151FC9AE-8BF2-4793-B8D6-66BA799F5C53}.Debug|Any CPU.Build.0 = Debug|Any CPU
		{151FC9AE-8BF2-4793-B8D6-66BA799F5C53}.Release|Any CPU.ActiveCfg = Release|Any CPU
		{151FC9AE-8BF2-4793-B8D6-66BA799F5C53}.Release|Any CPU.Build.0 = Release|Any CPU
		{147FF0C9-0E1E-4542-9A84-483EA85501A1}.Debug|Any CPU.ActiveCfg = Debug|Any CPU
		{147FF0C9-0E1E-4542-9A84-483EA85501A1}.Debug|Any CPU.Build.0 = Debug|Any CPU
		{147FF0C9-0E1E-4542-9A84-483EA85501A1}.Release|Any CPU.ActiveCfg = Release|Any CPU
		{147FF0C9-0E1E-4542-9A84-483EA85501A1}.Release|Any CPU.Build.0 = Release|Any CPU
		{67212776-3346-4A51-9330-CBCEA4890F4D}.Debug|Any CPU.ActiveCfg = Debug|Any CPU
		{67212776-3346-4A51-9330-CBCEA4890F4D}.Debug|Any CPU.Build.0 = Debug|Any CPU
		{67212776-3346-4A51-9330-CBCEA4890F4D}.Release|Any CPU.ActiveCfg = Release|Any CPU
		{67212776-3346-4A51-9330-CBCEA4890F4D}.Release|Any CPU.Build.0 = Release|Any CPU
		{79196C75-2128-4A34-B023-2510BC404B33}.Debug|Any CPU.ActiveCfg = Debug|Any CPU
		{79196C75-2128-4A34-B023-2510BC404B33}.Debug|Any CPU.Build.0 = Debug|Any CPU
		{79196C75-2128-4A34-B023-2510BC404B33}.Release|Any CPU.ActiveCfg = Release|Any CPU
		{79196C75-2128-4A34-B023-2510BC404B33}.Release|Any CPU.Build.0 = Release|Any CPU
		{F78B0B1D-D602-4E6D-B964-6D5EF6E9B4E7}.Debug|Any CPU.ActiveCfg = Debug|Any CPU
		{F78B0B1D-D602-4E6D-B964-6D5EF6E9B4E7}.Debug|Any CPU.Build.0 = Debug|Any CPU
		{F78B0B1D-D602-4E6D-B964-6D5EF6E9B4E7}.Release|Any CPU.ActiveCfg = Release|Any CPU
		{F78B0B1D-D602-4E6D-B964-6D5EF6E9B4E7}.Release|Any CPU.Build.0 = Release|Any CPU
		{3F07AE61-CC4A-4DBA-BE82-347B2FF5A223}.Debug|Any CPU.ActiveCfg = Debug|Any CPU
		{3F07AE61-CC4A-4DBA-BE82-347B2FF5A223}.Debug|Any CPU.Build.0 = Debug|Any CPU
		{3F07AE61-CC4A-4DBA-BE82-347B2FF5A223}.Release|Any CPU.ActiveCfg = Release|Any CPU
		{3F07AE61-CC4A-4DBA-BE82-347B2FF5A223}.Release|Any CPU.Build.0 = Release|Any CPU
		{EE041C6E-F3AC-44B4-8834-F23F8C1DBF28}.Debug|Any CPU.ActiveCfg = Debug|Any CPU
		{EE041C6E-F3AC-44B4-8834-F23F8C1DBF28}.Debug|Any CPU.Build.0 = Debug|Any CPU
		{EE041C6E-F3AC-44B4-8834-F23F8C1DBF28}.Release|Any CPU.ActiveCfg = Release|Any CPU
		{EE041C6E-F3AC-44B4-8834-F23F8C1DBF28}.Release|Any CPU.Build.0 = Release|Any CPU
		{69AB999B-A27B-4F22-BCEA-54DCAAB2BD63}.Debug|Any CPU.ActiveCfg = Debug|Any CPU
		{69AB999B-A27B-4F22-BCEA-54DCAAB2BD63}.Debug|Any CPU.Build.0 = Debug|Any CPU
		{69AB999B-A27B-4F22-BCEA-54DCAAB2BD63}.Release|Any CPU.ActiveCfg = Release|Any CPU
		{69AB999B-A27B-4F22-BCEA-54DCAAB2BD63}.Release|Any CPU.Build.0 = Release|Any CPU
		{FF5433CF-D228-4608-8620-962879C10E5C}.Debug|Any CPU.ActiveCfg = Debug|Any CPU
		{FF5433CF-D228-4608-8620-962879C10E5C}.Debug|Any CPU.Build.0 = Debug|Any CPU
		{FF5433CF-D228-4608-8620-962879C10E5C}.Release|Any CPU.ActiveCfg = Release|Any CPU
		{FF5433CF-D228-4608-8620-962879C10E5C}.Release|Any CPU.Build.0 = Release|Any CPU
		{8C7616DA-A36A-46D7-807E-D32EB38955E6}.Debug|Any CPU.ActiveCfg = Debug|Any CPU
		{8C7616DA-A36A-46D7-807E-D32EB38955E6}.Debug|Any CPU.Build.0 = Debug|Any CPU
		{8C7616DA-A36A-46D7-807E-D32EB38955E6}.Release|Any CPU.ActiveCfg = Release|Any CPU
		{8C7616DA-A36A-46D7-807E-D32EB38955E6}.Release|Any CPU.Build.0 = Release|Any CPU
		{58320276-6F0C-4860-973C-FC47C358B8F6}.Debug|Any CPU.ActiveCfg = Debug|Any CPU
		{58320276-6F0C-4860-973C-FC47C358B8F6}.Debug|Any CPU.Build.0 = Debug|Any CPU
		{58320276-6F0C-4860-973C-FC47C358B8F6}.Release|Any CPU.ActiveCfg = Release|Any CPU
		{58320276-6F0C-4860-973C-FC47C358B8F6}.Release|Any CPU.Build.0 = Release|Any CPU
		{373FAF11-0B25-4B4E-88BE-A428273D4515}.Debug|Any CPU.ActiveCfg = Debug|Any CPU
		{373FAF11-0B25-4B4E-88BE-A428273D4515}.Debug|Any CPU.Build.0 = Debug|Any CPU
		{373FAF11-0B25-4B4E-88BE-A428273D4515}.Release|Any CPU.ActiveCfg = Release|Any CPU
		{373FAF11-0B25-4B4E-88BE-A428273D4515}.Release|Any CPU.Build.0 = Release|Any CPU
		{7BC13428-003C-4137-AB0F-6C86DD33A8BA}.Debug|Any CPU.ActiveCfg = Debug|Any CPU
		{7BC13428-003C-4137-AB0F-6C86DD33A8BA}.Debug|Any CPU.Build.0 = Debug|Any CPU
		{7BC13428-003C-4137-AB0F-6C86DD33A8BA}.Release|Any CPU.ActiveCfg = Release|Any CPU
		{7BC13428-003C-4137-AB0F-6C86DD33A8BA}.Release|Any CPU.Build.0 = Release|Any CPU
		{F48C9F80-956A-486C-A0BD-3A356F19ADA3}.Debug|Any CPU.ActiveCfg = Debug|Any CPU
		{F48C9F80-956A-486C-A0BD-3A356F19ADA3}.Debug|Any CPU.Build.0 = Debug|Any CPU
		{F48C9F80-956A-486C-A0BD-3A356F19ADA3}.Release|Any CPU.ActiveCfg = Release|Any CPU
		{F48C9F80-956A-486C-A0BD-3A356F19ADA3}.Release|Any CPU.Build.0 = Release|Any CPU
	EndGlobalSection
	GlobalSection(SolutionProperties) = preSolution
		HideSolutionNode = FALSE
	EndGlobalSection
	GlobalSection(ExtensibilityGlobals) = postSolution
		SolutionGuid = {053A8EBA-B764-4F0F-9107-FF49137F7531}
	EndGlobalSection
EndGlobal
